
Microsoft Visual Studio Solution File, Format Version 12.00
# Visual Studio Version 17
VisualStudioVersion = 17.10.35027.167
MinimumVisualStudioVersion = 10.0.40219.1
Project("{FAE04EC0-301F-11D3-BF4B-00C04F79EFBC}") = "asbtractFactory", "asbtractFactory\asbtractFactory.csproj", "{53474BA4-C818-4BCC-AEFF-8BB3A5ED219C}"
EndProject
Project("{FAE04EC0-301F-11D3-BF4B-00C04F79EFBC}") = "real_asbtractfactory", "real_asbtractfactory\real_asbtractfactory.csproj", "{C5D50EA2-F8F7-4479-9C02-87154FB11FC0}"
EndProject
Global
	GlobalSection(SolutionConfigurationPlatforms) = preSolution
		Debug|Any CPU = Debug|Any CPU
		Release|Any CPU = Release|Any CPU
	EndGlobalSection
	GlobalSection(ProjectConfigurationPlatforms) = postSolution
		{53474BA4-C818-4BCC-AEFF-8BB3A5ED219C}.Debug|Any CPU.ActiveCfg = Debug|Any CPU
		{53474BA4-C818-4BCC-AEFF-8BB3A5ED219C}.Debug|Any CPU.Build.0 = Debug|Any CPU
		{53474BA4-C818-4BCC-AEFF-8BB3A5ED219C}.Release|Any CPU.ActiveCfg = Release|Any CPU
		{53474BA4-C818-4BCC-AEFF-8BB3A5ED219C}.Release|Any CPU.Build.0 = Release|Any CPU
		{C5D50EA2-F8F7-4479-9C02-87154FB11FC0}.Debug|Any CPU.ActiveCfg = Debug|Any CPU
		{C5D50EA2-F8F7-4479-9C02-87154FB11FC0}.Debug|Any CPU.Build.0 = Debug|Any CPU
		{C5D50EA2-F8F7-4479-9C02-87154FB11FC0}.Release|Any CPU.ActiveCfg = Release|Any CPU
		{C5D50EA2-F8F7-4479-9C02-87154FB11FC0}.Release|Any CPU.Build.0 = Release|Any CPU
	EndGlobalSection
	GlobalSection(SolutionProperties) = preSolution
		HideSolutionNode = FALSE
	EndGlobalSection
	GlobalSection(ExtensibilityGlobals) = postSolution
		SolutionGuid = {AFEACB5D-FA3B-42F7-B00E-9C6BE335A160}
	EndGlobalSection
EndGlobal
