
Microsoft Visual Studio Solution File, Format Version 12.00
# Visual Studio Version 17
VisualStudioVersion = 17.10.35027.167
MinimumVisualStudioVersion = 10.0.40219.1
Project("{FAE04EC0-301F-11D3-BF4B-00C04F79EFBC}") = "Builder", "Builder\Builder.csproj", "{42202D8C-12DA-4A64-B9DC-D9DFCA2FE33D}"
EndProject
Project("{FAE04EC0-301F-11D3-BF4B-00C04F79EFBC}") = "real_builder", "real_builder\real_builder.csproj", "{BFD83F93-3BD8-4173-89D9-1B9BCCDC711F}"
EndProject
Global
	GlobalSection(SolutionConfigurationPlatforms) = preSolution
		Debug|Any CPU = Debug|Any CPU
		Release|Any CPU = Release|Any CPU
	EndGlobalSection
	GlobalSection(ProjectConfigurationPlatforms) = postSolution
		{42202D8C-12DA-4A64-B9DC-D9DFCA2FE33D}.Debug|Any CPU.ActiveCfg = Debug|Any CPU
		{42202D8C-12DA-4A64-B9DC-D9DFCA2FE33D}.Debug|Any CPU.Build.0 = Debug|Any CPU
		{42202D8C-12DA-4A64-B9DC-D9DFCA2FE33D}.Release|Any CPU.ActiveCfg = Release|Any CPU
		{42202D8C-12DA-4A64-B9DC-D9DFCA2FE33D}.Release|Any CPU.Build.0 = Release|Any CPU
		{BFD83F93-3BD8-4173-89D9-1B9BCCDC711F}.Debug|Any CPU.ActiveCfg = Debug|Any CPU
		{BFD83F93-3BD8-4173-89D9-1B9BCCDC711F}.Debug|Any CPU.Build.0 = Debug|Any CPU
		{BFD83F93-3BD8-4173-89D9-1B9BCCDC711F}.Release|Any CPU.ActiveCfg = Release|Any CPU
		{BFD83F93-3BD8-4173-89D9-1B9BCCDC711F}.Release|Any CPU.Build.0 = Release|Any CPU
	EndGlobalSection
	GlobalSection(SolutionProperties) = preSolution
		HideSolutionNode = FALSE
	EndGlobalSection
	GlobalSection(ExtensibilityGlobals) = postSolution
		SolutionGuid = {2F691AA6-A0E6-4DA2-894B-8D2CD51321EC}
	EndGlobalSection
EndGlobal
